// !$*UTF8*$!
{
	archiveVersion = 1;
	classes = {
	};
	objectVersion = 50;
	objects = {

/* Begin PBXBuildFile section */
		54228F9425D1208B00DFF93D /* HomeLoanForm.swift in Sources */ = {isa = PBXBuildFile; fileRef = 54228F9325D1208B00DFF93D /* HomeLoanForm.swift */; };
		54228F9525D1208B00DFF93D /* HomeLoanForm.swift in Sources */ = {isa = PBXBuildFile; fileRef = 54228F9325D1208B00DFF93D /* HomeLoanForm.swift */; };
		5465629425D2660F002269F3 /* AmortizationView.swift in Sources */ = {isa = PBXBuildFile; fileRef = 5465629325D2660F002269F3 /* AmortizationView.swift */; };
		5465629525D2660F002269F3 /* AmortizationView.swift in Sources */ = {isa = PBXBuildFile; fileRef = 5465629325D2660F002269F3 /* AmortizationView.swift */; };
		5465629B25D2A440002269F3 /* LineChartShape.swift in Sources */ = {isa = PBXBuildFile; fileRef = 5465629A25D2A440002269F3 /* LineChartShape.swift */; };
		5465629C25D2A440002269F3 /* LineChartShape.swift in Sources */ = {isa = PBXBuildFile; fileRef = 5465629A25D2A440002269F3 /* LineChartShape.swift */; };
		546562A225D2A461002269F3 /* LineChart.swift in Sources */ = {isa = PBXBuildFile; fileRef = 546562A125D2A461002269F3 /* LineChart.swift */; };
		546562A325D2A461002269F3 /* LineChart.swift in Sources */ = {isa = PBXBuildFile; fileRef = 546562A125D2A461002269F3 /* LineChart.swift */; };
		546562A925D2A4CA002269F3 /* NumberFormatter.swift in Sources */ = {isa = PBXBuildFile; fileRef = 546562A825D2A4CA002269F3 /* NumberFormatter.swift */; };
		546562AA25D2A4CA002269F3 /* NumberFormatter.swift in Sources */ = {isa = PBXBuildFile; fileRef = 546562A825D2A4CA002269F3 /* NumberFormatter.swift */; };
		546562B025D2A4E0002269F3 /* Double.swift in Sources */ = {isa = PBXBuildFile; fileRef = 546562AF25D2A4E0002269F3 /* Double.swift */; };
		546562B125D2A4E0002269F3 /* Double.swift in Sources */ = {isa = PBXBuildFile; fileRef = 546562AF25D2A4E0002269F3 /* Double.swift */; };
		546562B725D2A510002269F3 /* Int.swift in Sources */ = {isa = PBXBuildFile; fileRef = 546562B625D2A510002269F3 /* Int.swift */; };
		546562B825D2A510002269F3 /* Int.swift in Sources */ = {isa = PBXBuildFile; fileRef = 546562B625D2A510002269F3 /* Int.swift */; };
		546562C625D3A841002269F3 /* Calculator.swift in Sources */ = {isa = PBXBuildFile; fileRef = 546562C525D3A83F002269F3 /* Calculator.swift */; };
		546562C725D3A841002269F3 /* Calculator.swift in Sources */ = {isa = PBXBuildFile; fileRef = 546562C525D3A83F002269F3 /* Calculator.swift */; };
		54B4FE6325C964DA001F77D8 /* Tests_iOS.swift in Sources */ = {isa = PBXBuildFile; fileRef = 54B4FE6225C964DA001F77D8 /* Tests_iOS.swift */; };
		54B4FE6E25C964DA001F77D8 /* Tests_macOS.swift in Sources */ = {isa = PBXBuildFile; fileRef = 54B4FE6D25C964DA001F77D8 /* Tests_macOS.swift */; };
		54B4FE7025C964DA001F77D8 /* LoanCalculatorApp.swift in Sources */ = {isa = PBXBuildFile; fileRef = 54B4FE4725C964D9001F77D8 /* LoanCalculatorApp.swift */; };
		54B4FE7125C964DA001F77D8 /* LoanCalculatorApp.swift in Sources */ = {isa = PBXBuildFile; fileRef = 54B4FE4725C964D9001F77D8 /* LoanCalculatorApp.swift */; };
		54B4FE7225C964DA001F77D8 /* ContentView.swift in Sources */ = {isa = PBXBuildFile; fileRef = 54B4FE4825C964D9001F77D8 /* ContentView.swift */; };
		54B4FE7325C964DA001F77D8 /* ContentView.swift in Sources */ = {isa = PBXBuildFile; fileRef = 54B4FE4825C964D9001F77D8 /* ContentView.swift */; };
		54B4FE7425C964DA001F77D8 /* Assets.xcassets in Resources */ = {isa = PBXBuildFile; fileRef = 54B4FE4925C964DA001F77D8 /* Assets.xcassets */; };
		54B4FE7525C964DA001F77D8 /* Assets.xcassets in Resources */ = {isa = PBXBuildFile; fileRef = 54B4FE4925C964DA001F77D8 /* Assets.xcassets */; };
		54B4FE8925C964F0001F77D8 /* HomeLoan.swift in Sources */ = {isa = PBXBuildFile; fileRef = 54B4FE8825C964F0001F77D8 /* HomeLoan.swift */; };
		54B4FE8A25C964F0001F77D8 /* HomeLoan.swift in Sources */ = {isa = PBXBuildFile; fileRef = 54B4FE8825C964F0001F77D8 /* HomeLoan.swift */; };
/* End PBXBuildFile section */

/* Begin PBXContainerItemProxy section */
		54B4FE5F25C964DA001F77D8 /* PBXContainerItemProxy */ = {
			isa = PBXContainerItemProxy;
			containerPortal = 54B4FE4225C964D8001F77D8 /* Project object */;
			proxyType = 1;
			remoteGlobalIDString = 54B4FE4D25C964DA001F77D8;
			remoteInfo = "LoanCalculator (iOS)";
		};
		54B4FE6A25C964DA001F77D8 /* PBXContainerItemProxy */ = {
			isa = PBXContainerItemProxy;
			containerPortal = 54B4FE4225C964D8001F77D8 /* Project object */;
			proxyType = 1;
			remoteGlobalIDString = 54B4FE5525C964DA001F77D8;
			remoteInfo = "LoanCalculator (macOS)";
		};
/* End PBXContainerItemProxy section */

/* Begin PBXFileReference section */
		54228F9325D1208B00DFF93D /* HomeLoanForm.swift */ = {isa = PBXFileReference; lastKnownFileType = sourcecode.swift; path = HomeLoanForm.swift; sourceTree = "<group>"; };
		5465629325D2660F002269F3 /* AmortizationView.swift */ = {isa = PBXFileReference; lastKnownFileType = sourcecode.swift; path = AmortizationView.swift; sourceTree = "<group>"; };
		5465629A25D2A440002269F3 /* LineChartShape.swift */ = {isa = PBXFileReference; lastKnownFileType = sourcecode.swift; path = LineChartShape.swift; sourceTree = "<group>"; };
		546562A125D2A461002269F3 /* LineChart.swift */ = {isa = PBXFileReference; lastKnownFileType = sourcecode.swift; path = LineChart.swift; sourceTree = "<group>"; };
		546562A825D2A4CA002269F3 /* NumberFormatter.swift */ = {isa = PBXFileReference; lastKnownFileType = sourcecode.swift; path = NumberFormatter.swift; sourceTree = "<group>"; };
		546562AF25D2A4E0002269F3 /* Double.swift */ = {isa = PBXFileReference; lastKnownFileType = sourcecode.swift; path = Double.swift; sourceTree = "<group>"; };
		546562B625D2A510002269F3 /* Int.swift */ = {isa = PBXFileReference; lastKnownFileType = sourcecode.swift; path = Int.swift; sourceTree = "<group>"; };
		546562C525D3A83F002269F3 /* Calculator.swift */ = {isa = PBXFileReference; lastKnownFileType = sourcecode.swift; path = Calculator.swift; sourceTree = "<group>"; };
		54B4FE4725C964D9001F77D8 /* LoanCalculatorApp.swift */ = {isa = PBXFileReference; lastKnownFileType = sourcecode.swift; path = LoanCalculatorApp.swift; sourceTree = "<group>"; };
		54B4FE4825C964D9001F77D8 /* ContentView.swift */ = {isa = PBXFileReference; lastKnownFileType = sourcecode.swift; path = ContentView.swift; sourceTree = "<group>"; };
		54B4FE4925C964DA001F77D8 /* Assets.xcassets */ = {isa = PBXFileReference; lastKnownFileType = folder.assetcatalog; path = Assets.xcassets; sourceTree = "<group>"; };
		54B4FE4E25C964DA001F77D8 /* LoanCalculator.app */ = {isa = PBXFileReference; explicitFileType = wrapper.application; includeInIndex = 0; path = LoanCalculator.app; sourceTree = BUILT_PRODUCTS_DIR; };
		54B4FE5125C964DA001F77D8 /* Info.plist */ = {isa = PBXFileReference; lastKnownFileType = text.plist.xml; path = Info.plist; sourceTree = "<group>"; };
		54B4FE5625C964DA001F77D8 /* LoanCalculator.app */ = {isa = PBXFileReference; explicitFileType = wrapper.application; includeInIndex = 0; path = LoanCalculator.app; sourceTree = BUILT_PRODUCTS_DIR; };
		54B4FE5825C964DA001F77D8 /* Info.plist */ = {isa = PBXFileReference; lastKnownFileType = text.plist.xml; path = Info.plist; sourceTree = "<group>"; };
		54B4FE5925C964DA001F77D8 /* macOS.entitlements */ = {isa = PBXFileReference; lastKnownFileType = text.plist.entitlements; path = macOS.entitlements; sourceTree = "<group>"; };
		54B4FE5E25C964DA001F77D8 /* Tests iOS.xctest */ = {isa = PBXFileReference; explicitFileType = wrapper.cfbundle; includeInIndex = 0; path = "Tests iOS.xctest"; sourceTree = BUILT_PRODUCTS_DIR; };
		54B4FE6225C964DA001F77D8 /* Tests_iOS.swift */ = {isa = PBXFileReference; lastKnownFileType = sourcecode.swift; path = Tests_iOS.swift; sourceTree = "<group>"; };
		54B4FE6425C964DA001F77D8 /* Info.plist */ = {isa = PBXFileReference; lastKnownFileType = text.plist.xml; path = Info.plist; sourceTree = "<group>"; };
		54B4FE6925C964DA001F77D8 /* Tests macOS.xctest */ = {isa = PBXFileReference; explicitFileType = wrapper.cfbundle; includeInIndex = 0; path = "Tests macOS.xctest"; sourceTree = BUILT_PRODUCTS_DIR; };
		54B4FE6D25C964DA001F77D8 /* Tests_macOS.swift */ = {isa = PBXFileReference; lastKnownFileType = sourcecode.swift; path = Tests_macOS.swift; sourceTree = "<group>"; };
		54B4FE6F25C964DA001F77D8 /* Info.plist */ = {isa = PBXFileReference; lastKnownFileType = text.plist.xml; path = Info.plist; sourceTree = "<group>"; };
		54B4FE8825C964F0001F77D8 /* HomeLoan.swift */ = {isa = PBXFileReference; lastKnownFileType = sourcecode.swift; path = HomeLoan.swift; sourceTree = "<group>"; };
/* End PBXFileReference section */

/* Begin PBXFrameworksBuildPhase section */
		54B4FE4B25C964DA001F77D8 /* Frameworks */ = {
			isa = PBXFrameworksBuildPhase;
			buildActionMask = 2147483647;
			files = (
			);
			runOnlyForDeploymentPostprocessing = 0;
		};
		54B4FE5325C964DA001F77D8 /* Frameworks */ = {
			isa = PBXFrameworksBuildPhase;
			buildActionMask = 2147483647;
			files = (
			);
			runOnlyForDeploymentPostprocessing = 0;
		};
		54B4FE5B25C964DA001F77D8 /* Frameworks */ = {
			isa = PBXFrameworksBuildPhase;
			buildActionMask = 2147483647;
			files = (
			);
			runOnlyForDeploymentPostprocessing = 0;
		};
		54B4FE6625C964DA001F77D8 /* Frameworks */ = {
			isa = PBXFrameworksBuildPhase;
			buildActionMask = 2147483647;
			files = (
			);
			runOnlyForDeploymentPostprocessing = 0;
		};
/* End PBXFrameworksBuildPhase section */

/* Begin PBXGroup section */
		54B4FE4125C964D8001F77D8 = {
			isa = PBXGroup;
			children = (
				54B4FE4625C964D9001F77D8 /* Shared */,
				54B4FE5025C964DA001F77D8 /* iOS */,
				54B4FE5725C964DA001F77D8 /* macOS */,
				54B4FE6125C964DA001F77D8 /* Tests iOS */,
				54B4FE6C25C964DA001F77D8 /* Tests macOS */,
				54B4FE4F25C964DA001F77D8 /* Products */,
			);
			sourceTree = "<group>";
		};
		54B4FE4625C964D9001F77D8 /* Shared */ = {
			isa = PBXGroup;
			children = (
				54B4FE4725C964D9001F77D8 /* LoanCalculatorApp.swift */,
				546562C525D3A83F002269F3 /* Calculator.swift */,
				54B4FE8825C964F0001F77D8 /* HomeLoan.swift */,
				54B4FE4825C964D9001F77D8 /* ContentView.swift */,
				546562A125D2A461002269F3 /* LineChart.swift */,
				5465629A25D2A440002269F3 /* LineChartShape.swift */,
				5465629325D2660F002269F3 /* AmortizationView.swift */,
				54228F9325D1208B00DFF93D /* HomeLoanForm.swift */,
				546562A825D2A4CA002269F3 /* NumberFormatter.swift */,
				546562B625D2A510002269F3 /* Int.swift */,
				546562AF25D2A4E0002269F3 /* Double.swift */,
				54B4FE4925C964DA001F77D8 /* Assets.xcassets */,
			);
			path = Shared;
			sourceTree = "<group>";
		};
		54B4FE4F25C964DA001F77D8 /* Products */ = {
			isa = PBXGroup;
			children = (
				54B4FE4E25C964DA001F77D8 /* LoanCalculator.app */,
				54B4FE5625C964DA001F77D8 /* LoanCalculator.app */,
				54B4FE5E25C964DA001F77D8 /* Tests iOS.xctest */,
				54B4FE6925C964DA001F77D8 /* Tests macOS.xctest */,
			);
			name = Products;
			sourceTree = "<group>";
		};
		54B4FE5025C964DA001F77D8 /* iOS */ = {
			isa = PBXGroup;
			children = (
				54B4FE5125C964DA001F77D8 /* Info.plist */,
			);
			path = iOS;
			sourceTree = "<group>";
		};
		54B4FE5725C964DA001F77D8 /* macOS */ = {
			isa = PBXGroup;
			children = (
				54B4FE5825C964DA001F77D8 /* Info.plist */,
				54B4FE5925C964DA001F77D8 /* macOS.entitlements */,
			);
			path = macOS;
			sourceTree = "<group>";
		};
		54B4FE6125C964DA001F77D8 /* Tests iOS */ = {
			isa = PBXGroup;
			children = (
				54B4FE6225C964DA001F77D8 /* Tests_iOS.swift */,
				54B4FE6425C964DA001F77D8 /* Info.plist */,
			);
			path = "Tests iOS";
			sourceTree = "<group>";
		};
		54B4FE6C25C964DA001F77D8 /* Tests macOS */ = {
			isa = PBXGroup;
			children = (
				54B4FE6D25C964DA001F77D8 /* Tests_macOS.swift */,
				54B4FE6F25C964DA001F77D8 /* Info.plist */,
			);
			path = "Tests macOS";
			sourceTree = "<group>";
		};
/* End PBXGroup section */

/* Begin PBXNativeTarget section */
		54B4FE4D25C964DA001F77D8 /* LoanCalculator (iOS) */ = {
			isa = PBXNativeTarget;
			buildConfigurationList = 54B4FE7825C964DA001F77D8 /* Build configuration list for PBXNativeTarget "LoanCalculator (iOS)" */;
			buildPhases = (
				54B4FE4A25C964DA001F77D8 /* Sources */,
				54B4FE4B25C964DA001F77D8 /* Frameworks */,
				54B4FE4C25C964DA001F77D8 /* Resources */,
			);
			buildRules = (
			);
			dependencies = (
			);
			name = "LoanCalculator (iOS)";
			productName = "LoanCalculator (iOS)";
			productReference = 54B4FE4E25C964DA001F77D8 /* LoanCalculator.app */;
			productType = "com.apple.product-type.application";
		};
		54B4FE5525C964DA001F77D8 /* LoanCalculator (macOS) */ = {
			isa = PBXNativeTarget;
			buildConfigurationList = 54B4FE7B25C964DA001F77D8 /* Build configuration list for PBXNativeTarget "LoanCalculator (macOS)" */;
			buildPhases = (
				54B4FE5225C964DA001F77D8 /* Sources */,
				54B4FE5325C964DA001F77D8 /* Frameworks */,
				54B4FE5425C964DA001F77D8 /* Resources */,
			);
			buildRules = (
			);
			dependencies = (
			);
			name = "LoanCalculator (macOS)";
			productName = "LoanCalculator (macOS)";
			productReference = 54B4FE5625C964DA001F77D8 /* LoanCalculator.app */;
			productType = "com.apple.product-type.application";
		};
		54B4FE5D25C964DA001F77D8 /* Tests iOS */ = {
			isa = PBXNativeTarget;
			buildConfigurationList = 54B4FE7E25C964DA001F77D8 /* Build configuration list for PBXNativeTarget "Tests iOS" */;
			buildPhases = (
				54B4FE5A25C964DA001F77D8 /* Sources */,
				54B4FE5B25C964DA001F77D8 /* Frameworks */,
				54B4FE5C25C964DA001F77D8 /* Resources */,
			);
			buildRules = (
			);
			dependencies = (
				54B4FE6025C964DA001F77D8 /* PBXTargetDependency */,
			);
			name = "Tests iOS";
			productName = "Tests iOS";
			productReference = 54B4FE5E25C964DA001F77D8 /* Tests iOS.xctest */;
			productType = "com.apple.product-type.bundle.ui-testing";
		};
		54B4FE6825C964DA001F77D8 /* Tests macOS */ = {
			isa = PBXNativeTarget;
			buildConfigurationList = 54B4FE8125C964DA001F77D8 /* Build configuration list for PBXNativeTarget "Tests macOS" */;
			buildPhases = (
				54B4FE6525C964DA001F77D8 /* Sources */,
				54B4FE6625C964DA001F77D8 /* Frameworks */,
				54B4FE6725C964DA001F77D8 /* Resources */,
			);
			buildRules = (
			);
			dependencies = (
				54B4FE6B25C964DA001F77D8 /* PBXTargetDependency */,
			);
			name = "Tests macOS";
			productName = "Tests macOS";
			productReference = 54B4FE6925C964DA001F77D8 /* Tests macOS.xctest */;
			productType = "com.apple.product-type.bundle.ui-testing";
		};
/* End PBXNativeTarget section */

/* Begin PBXProject section */
		54B4FE4225C964D8001F77D8 /* Project object */ = {
			isa = PBXProject;
			attributes = {
				LastSwiftUpdateCheck = 1240;
				LastUpgradeCheck = 1240;
				TargetAttributes = {
					54B4FE4D25C964DA001F77D8 = {
						CreatedOnToolsVersion = 12.4;
					};
					54B4FE5525C964DA001F77D8 = {
						CreatedOnToolsVersion = 12.4;
					};
					54B4FE5D25C964DA001F77D8 = {
						CreatedOnToolsVersion = 12.4;
						TestTargetID = 54B4FE4D25C964DA001F77D8;
					};
					54B4FE6825C964DA001F77D8 = {
						CreatedOnToolsVersion = 12.4;
						TestTargetID = 54B4FE5525C964DA001F77D8;
					};
				};
			};
			buildConfigurationList = 54B4FE4525C964D8001F77D8 /* Build configuration list for PBXProject "LoanCalculator" */;
			compatibilityVersion = "Xcode 9.3";
			developmentRegion = en;
			hasScannedForEncodings = 0;
			knownRegions = (
				en,
				Base,
			);
			mainGroup = 54B4FE4125C964D8001F77D8;
			productRefGroup = 54B4FE4F25C964DA001F77D8 /* Products */;
			projectDirPath = "";
			projectRoot = "";
			targets = (
				54B4FE4D25C964DA001F77D8 /* LoanCalculator (iOS) */,
				54B4FE5525C964DA001F77D8 /* LoanCalculator (macOS) */,
				54B4FE5D25C964DA001F77D8 /* Tests iOS */,
				54B4FE6825C964DA001F77D8 /* Tests macOS */,
			);
		};
/* End PBXProject section */

/* Begin PBXResourcesBuildPhase section */
		54B4FE4C25C964DA001F77D8 /* Resources */ = {
			isa = PBXResourcesBuildPhase;
			buildActionMask = 2147483647;
			files = (
				54B4FE7425C964DA001F77D8 /* Assets.xcassets in Resources */,
			);
			runOnlyForDeploymentPostprocessing = 0;
		};
		54B4FE5425C964DA001F77D8 /* Resources */ = {
			isa = PBXResourcesBuildPhase;
			buildActionMask = 2147483647;
			files = (
				54B4FE7525C964DA001F77D8 /* Assets.xcassets in Resources */,
			);
			runOnlyForDeploymentPostprocessing = 0;
		};
		54B4FE5C25C964DA001F77D8 /* Resources */ = {
			isa = PBXResourcesBuildPhase;
			buildActionMask = 2147483647;
			files = (
			);
			runOnlyForDeploymentPostprocessing = 0;
		};
		54B4FE6725C964DA001F77D8 /* Resources */ = {
			isa = PBXResourcesBuildPhase;
			buildActionMask = 2147483647;
			files = (
			);
			runOnlyForDeploymentPostprocessing = 0;
		};
/* End PBXResourcesBuildPhase section */

/* Begin PBXSourcesBuildPhase section */
		54B4FE4A25C964DA001F77D8 /* Sources */ = {
			isa = PBXSourcesBuildPhase;
			buildActionMask = 2147483647;
			files = (
				5465629B25D2A440002269F3 /* LineChartShape.swift in Sources */,
				54228F9425D1208B00DFF93D /* HomeLoanForm.swift in Sources */,
				54B4FE8925C964F0001F77D8 /* HomeLoan.swift in Sources */,
				546562C625D3A841002269F3 /* Calculator.swift in Sources */,
				54B4FE7225C964DA001F77D8 /* ContentView.swift in Sources */,
				546562A225D2A461002269F3 /* LineChart.swift in Sources */,
				546562A925D2A4CA002269F3 /* NumberFormatter.swift in Sources */,
				5465629425D2660F002269F3 /* AmortizationView.swift in Sources */,
				546562B725D2A510002269F3 /* Int.swift in Sources */,
				546562B025D2A4E0002269F3 /* Double.swift in Sources */,
				54B4FE7025C964DA001F77D8 /* LoanCalculatorApp.swift in Sources */,
			);
			runOnlyForDeploymentPostprocessing = 0;
		};
		54B4FE5225C964DA001F77D8 /* Sources */ = {
			isa = PBXSourcesBuildPhase;
			buildActionMask = 2147483647;
			files = (
				5465629C25D2A440002269F3 /* LineChartShape.swift in Sources */,
				54228F9525D1208B00DFF93D /* HomeLoanForm.swift in Sources */,
				54B4FE8A25C964F0001F77D8 /* HomeLoan.swift in Sources */,
				546562C725D3A841002269F3 /* Calculator.swift in Sources */,
				54B4FE7325C964DA001F77D8 /* ContentView.swift in Sources */,
				546562A325D2A461002269F3 /* LineChart.swift in Sources */,
				546562AA25D2A4CA002269F3 /* NumberFormatter.swift in Sources */,
				5465629525D2660F002269F3 /* AmortizationView.swift in Sources */,
				546562B825D2A510002269F3 /* Int.swift in Sources */,
				546562B125D2A4E0002269F3 /* Double.swift in Sources */,
				54B4FE7125C964DA001F77D8 /* LoanCalculatorApp.swift in Sources */,
			);
			runOnlyForDeploymentPostprocessing = 0;
		};
		54B4FE5A25C964DA001F77D8 /* Sources */ = {
			isa = PBXSourcesBuildPhase;
			buildActionMask = 2147483647;
			files = (
				54B4FE6325C964DA001F77D8 /* Tests_iOS.swift in Sources */,
			);
			runOnlyForDeploymentPostprocessing = 0;
		};
		54B4FE6525C964DA001F77D8 /* Sources */ = {
			isa = PBXSourcesBuildPhase;
			buildActionMask = 2147483647;
			files = (
				54B4FE6E25C964DA001F77D8 /* Tests_macOS.swift in Sources */,
			);
			runOnlyForDeploymentPostprocessing = 0;
		};
/* End PBXSourcesBuildPhase section */

/* Begin PBXTargetDependency section */
		54B4FE6025C964DA001F77D8 /* PBXTargetDependency */ = {
			isa = PBXTargetDependency;
			target = 54B4FE4D25C964DA001F77D8 /* LoanCalculator (iOS) */;
			targetProxy = 54B4FE5F25C964DA001F77D8 /* PBXContainerItemProxy */;
		};
		54B4FE6B25C964DA001F77D8 /* PBXTargetDependency */ = {
			isa = PBXTargetDependency;
			target = 54B4FE5525C964DA001F77D8 /* LoanCalculator (macOS) */;
			targetProxy = 54B4FE6A25C964DA001F77D8 /* PBXContainerItemProxy */;
		};
/* End PBXTargetDependency section */

/* Begin XCBuildConfiguration section */
		54B4FE7625C964DA001F77D8 /* Debug */ = {
			isa = XCBuildConfiguration;
			buildSettings = {
				ALWAYS_SEARCH_USER_PATHS = NO;
				CLANG_ANALYZER_NONNULL = YES;
				CLANG_ANALYZER_NUMBER_OBJECT_CONVERSION = YES_AGGRESSIVE;
				CLANG_CXX_LANGUAGE_STANDARD = "gnu++14";
				CLANG_CXX_LIBRARY = "libc++";
				CLANG_ENABLE_MODULES = YES;
				CLANG_ENABLE_OBJC_ARC = YES;
				CLANG_ENABLE_OBJC_WEAK = YES;
				CLANG_WARN_BLOCK_CAPTURE_AUTORELEASING = YES;
				CLANG_WARN_BOOL_CONVERSION = YES;
				CLANG_WARN_COMMA = YES;
				CLANG_WARN_CONSTANT_CONVERSION = YES;
				CLANG_WARN_DEPRECATED_OBJC_IMPLEMENTATIONS = YES;
				CLANG_WARN_DIRECT_OBJC_ISA_USAGE = YES_ERROR;
				CLANG_WARN_DOCUMENTATION_COMMENTS = YES;
				CLANG_WARN_EMPTY_BODY = YES;
				CLANG_WARN_ENUM_CONVERSION = YES;
				CLANG_WARN_INFINITE_RECURSION = YES;
				CLANG_WARN_INT_CONVERSION = YES;
				CLANG_WARN_NON_LITERAL_NULL_CONVERSION = YES;
				CLANG_WARN_OBJC_IMPLICIT_RETAIN_SELF = YES;
				CLANG_WARN_OBJC_LITERAL_CONVERSION = YES;
				CLANG_WARN_OBJC_ROOT_CLASS = YES_ERROR;
				CLANG_WARN_QUOTED_INCLUDE_IN_FRAMEWORK_HEADER = YES;
				CLANG_WARN_RANGE_LOOP_ANALYSIS = YES;
				CLANG_WARN_STRICT_PROTOTYPES = YES;
				CLANG_WARN_SUSPICIOUS_MOVE = YES;
				CLANG_WARN_UNGUARDED_AVAILABILITY = YES_AGGRESSIVE;
				CLANG_WARN_UNREACHABLE_CODE = YES;
				CLANG_WARN__DUPLICATE_METHOD_MATCH = YES;
				COPY_PHASE_STRIP = NO;
				DEBUG_INFORMATION_FORMAT = dwarf;
				ENABLE_STRICT_OBJC_MSGSEND = YES;
				ENABLE_TESTABILITY = YES;
				GCC_C_LANGUAGE_STANDARD = gnu11;
				GCC_DYNAMIC_NO_PIC = NO;
				GCC_NO_COMMON_BLOCKS = YES;
				GCC_OPTIMIZATION_LEVEL = 0;
				GCC_PREPROCESSOR_DEFINITIONS = (
					"DEBUG=1",
					"$(inherited)",
				);
				GCC_WARN_64_TO_32_BIT_CONVERSION = YES;
				GCC_WARN_ABOUT_RETURN_TYPE = YES_ERROR;
				GCC_WARN_UNDECLARED_SELECTOR = YES;
				GCC_WARN_UNINITIALIZED_AUTOS = YES_AGGRESSIVE;
				GCC_WARN_UNUSED_FUNCTION = YES;
				GCC_WARN_UNUSED_VARIABLE = YES;
				MTL_ENABLE_DEBUG_INFO = INCLUDE_SOURCE;
				MTL_FAST_MATH = YES;
				ONLY_ACTIVE_ARCH = YES;
				SWIFT_ACTIVE_COMPILATION_CONDITIONS = DEBUG;
				SWIFT_OPTIMIZATION_LEVEL = "-Onone";
			};
			name = Debug;
		};
		54B4FE7725C964DA001F77D8 /* Release */ = {
			isa = XCBuildConfiguration;
			buildSettings = {
				ALWAYS_SEARCH_USER_PATHS = NO;
				CLANG_ANALYZER_NONNULL = YES;
				CLANG_ANALYZER_NUMBER_OBJECT_CONVERSION = YES_AGGRESSIVE;
				CLANG_CXX_LANGUAGE_STANDARD = "gnu++14";
				CLANG_CXX_LIBRARY = "libc++";
				CLANG_ENABLE_MODULES = YES;
				CLANG_ENABLE_OBJC_ARC = YES;
				CLANG_ENABLE_OBJC_WEAK = YES;
				CLANG_WARN_BLOCK_CAPTURE_AUTORELEASING = YES;
				CLANG_WARN_BOOL_CONVERSION = YES;
				CLANG_WARN_COMMA = YES;
				CLANG_WARN_CONSTANT_CONVERSION = YES;
				CLANG_WARN_DEPRECATED_OBJC_IMPLEMENTATIONS = YES;
				CLANG_WARN_DIRECT_OBJC_ISA_USAGE = YES_ERROR;
				CLANG_WARN_DOCUMENTATION_COMMENTS = YES;
				CLANG_WARN_EMPTY_BODY = YES;
				CLANG_WARN_ENUM_CONVERSION = YES;
				CLANG_WARN_INFINITE_RECURSION = YES;
				CLANG_WARN_INT_CONVERSION = YES;
				CLANG_WARN_NON_LITERAL_NULL_CONVERSION = YES;
				CLANG_WARN_OBJC_IMPLICIT_RETAIN_SELF = YES;
				CLANG_WARN_OBJC_LITERAL_CONVERSION = YES;
				CLANG_WARN_OBJC_ROOT_CLASS = YES_ERROR;
				CLANG_WARN_QUOTED_INCLUDE_IN_FRAMEWORK_HEADER = YES;
				CLANG_WARN_RANGE_LOOP_ANALYSIS = YES;
				CLANG_WARN_STRICT_PROTOTYPES = YES;
				CLANG_WARN_SUSPICIOUS_MOVE = YES;
				CLANG_WARN_UNGUARDED_AVAILABILITY = YES_AGGRESSIVE;
				CLANG_WARN_UNREACHABLE_CODE = YES;
				CLANG_WARN__DUPLICATE_METHOD_MATCH = YES;
				COPY_PHASE_STRIP = NO;
				DEBUG_INFORMATION_FORMAT = "dwarf-with-dsym";
				ENABLE_NS_ASSERTIONS = NO;
				ENABLE_STRICT_OBJC_MSGSEND = YES;
				GCC_C_LANGUAGE_STANDARD = gnu11;
				GCC_NO_COMMON_BLOCKS = YES;
				GCC_WARN_64_TO_32_BIT_CONVERSION = YES;
				GCC_WARN_ABOUT_RETURN_TYPE = YES_ERROR;
				GCC_WARN_UNDECLARED_SELECTOR = YES;
				GCC_WARN_UNINITIALIZED_AUTOS = YES_AGGRESSIVE;
				GCC_WARN_UNUSED_FUNCTION = YES;
				GCC_WARN_UNUSED_VARIABLE = YES;
				MTL_ENABLE_DEBUG_INFO = NO;
				MTL_FAST_MATH = YES;
				SWIFT_COMPILATION_MODE = wholemodule;
				SWIFT_OPTIMIZATION_LEVEL = "-O";
			};
			name = Release;
		};
		54B4FE7925C964DA001F77D8 /* Debug */ = {
			isa = XCBuildConfiguration;
			buildSettings = {
				ASSETCATALOG_COMPILER_APPICON_NAME = AppIcon;
				ASSETCATALOG_COMPILER_GLOBAL_ACCENT_COLOR_NAME = AccentColor;
				CODE_SIGN_STYLE = Automatic;
				DEVELOPMENT_TEAM = EAN9592EK4;
				ENABLE_PREVIEWS = YES;
				INFOPLIST_FILE = iOS/Info.plist;
				IPHONEOS_DEPLOYMENT_TARGET = 14.0;
				LD_RUNPATH_SEARCH_PATHS = (
					"$(inherited)",
					"@executable_path/Frameworks",
				);
				PRODUCT_BUNDLE_IDENTIFIER = com.deepgagan.LoanCalculator;
				PRODUCT_NAME = LoanCalculator;
				SDKROOT = iphoneos;
				SWIFT_VERSION = 5.0;
				TARGETED_DEVICE_FAMILY = "1,2";
			};
			name = Debug;
		};
		54B4FE7A25C964DA001F77D8 /* Release */ = {
			isa = XCBuildConfiguration;
			buildSettings = {
				ASSETCATALOG_COMPILER_APPICON_NAME = AppIcon;
				ASSETCATALOG_COMPILER_GLOBAL_ACCENT_COLOR_NAME = AccentColor;
				CODE_SIGN_STYLE = Automatic;
				DEVELOPMENT_TEAM = EAN9592EK4;
				ENABLE_PREVIEWS = YES;
				INFOPLIST_FILE = iOS/Info.plist;
				IPHONEOS_DEPLOYMENT_TARGET = 14.0;
				LD_RUNPATH_SEARCH_PATHS = (
					"$(inherited)",
					"@executable_path/Frameworks",
				);
				PRODUCT_BUNDLE_IDENTIFIER = com.deepgagan.LoanCalculator;
				PRODUCT_NAME = LoanCalculator;
				SDKROOT = iphoneos;
				SWIFT_VERSION = 5.0;
				TARGETED_DEVICE_FAMILY = "1,2";
				VALIDATE_PRODUCT = YES;
			};
			name = Release;
		};
		54B4FE7C25C964DA001F77D8 /* Debug */ = {
			isa = XCBuildConfiguration;
			buildSettings = {
				ASSETCATALOG_COMPILER_APPICON_NAME = AppIcon;
				ASSETCATALOG_COMPILER_GLOBAL_ACCENT_COLOR_NAME = AccentColor;
				CODE_SIGN_ENTITLEMENTS = macOS/macOS.entitlements;
				CODE_SIGN_STYLE = Automatic;
				COMBINE_HIDPI_IMAGES = YES;
				DEVELOPMENT_TEAM = EAN9592EK4;
				ENABLE_HARDENED_RUNTIME = YES;
				ENABLE_PREVIEWS = YES;
				INFOPLIST_FILE = macOS/Info.plist;
				LD_RUNPATH_SEARCH_PATHS = (
					"$(inherited)",
					"@executable_path/../Frameworks",
				);
				MACOSX_DEPLOYMENT_TARGET = 11.0;
				PRODUCT_BUNDLE_IDENTIFIER = com.deepgagan.LoanCalculator;
				PRODUCT_NAME = LoanCalculator;
				SDKROOT = macosx;
				SWIFT_VERSION = 5.0;
			};
			name = Debug;
		};
		54B4FE7D25C964DA001F77D8 /* Release */ = {
			isa = XCBuildConfiguration;
			buildSettings = {
				ASSETCATALOG_COMPILER_APPICON_NAME = AppIcon;
				ASSETCATALOG_COMPILER_GLOBAL_ACCENT_COLOR_NAME = AccentColor;
				CODE_SIGN_ENTITLEMENTS = macOS/macOS.entitlements;
				CODE_SIGN_STYLE = Automatic;
				COMBINE_HIDPI_IMAGES = YES;
				DEVELOPMENT_TEAM = EAN9592EK4;
				ENABLE_HARDENED_RUNTIME = YES;
				ENABLE_PREVIEWS = YES;
				INFOPLIST_FILE = macOS/Info.plist;
				LD_RUNPATH_SEARCH_PATHS = (
					"$(inherited)",
					"@executable_path/../Frameworks",
				);
				MACOSX_DEPLOYMENT_TARGET = 11.0;
				PRODUCT_BUNDLE_IDENTIFIER = com.deepgagan.LoanCalculator;
				PRODUCT_NAME = LoanCalculator;
				SDKROOT = macosx;
				SWIFT_VERSION = 5.0;
			};
			name = Release;
		};
		54B4FE7F25C964DA001F77D8 /* Debug */ = {
			isa = XCBuildConfiguration;
			buildSettings = {
				ALWAYS_EMBED_SWIFT_STANDARD_LIBRARIES = YES;
				CODE_SIGN_STYLE = Automatic;
				DEVELOPMENT_TEAM = EAN9592EK4;
				INFOPLIST_FILE = "Tests iOS/Info.plist";
				IPHONEOS_DEPLOYMENT_TARGET = 14.4;
				LD_RUNPATH_SEARCH_PATHS = (
					"$(inherited)",
					"@executable_path/Frameworks",
					"@loader_path/Frameworks",
				);
				PRODUCT_BUNDLE_IDENTIFIER = "com.deepgagan.Tests-iOS";
				PRODUCT_NAME = "$(TARGET_NAME)";
				SDKROOT = iphoneos;
				SWIFT_VERSION = 5.0;
				TARGETED_DEVICE_FAMILY = "1,2";
				TEST_TARGET_NAME = "LoanCalculator (iOS)";
			};
			name = Debug;
		};
		54B4FE8025C964DA001F77D8 /* Release */ = {
			isa = XCBuildConfiguration;
			buildSettings = {
				ALWAYS_EMBED_SWIFT_STANDARD_LIBRARIES = YES;
				CODE_SIGN_STYLE = Automatic;
				DEVELOPMENT_TEAM = EAN9592EK4;
				INFOPLIST_FILE = "Tests iOS/Info.plist";
				IPHONEOS_DEPLOYMENT_TARGET = 14.4;
				LD_RUNPATH_SEARCH_PATHS = (
					"$(inherited)",
					"@executable_path/Frameworks",
					"@loader_path/Frameworks",
				);
				PRODUCT_BUNDLE_IDENTIFIER = "com.deepgagan.Tests-iOS";
				PRODUCT_NAME = "$(TARGET_NAME)";
				SDKROOT = iphoneos;
				SWIFT_VERSION = 5.0;
				TARGETED_DEVICE_FAMILY = "1,2";
				TEST_TARGET_NAME = "LoanCalculator (iOS)";
				VALIDATE_PRODUCT = YES;
			};
			name = Release;
		};
		54B4FE8225C964DA001F77D8 /* Debug */ = {
			isa = XCBuildConfiguration;
			buildSettings = {
				ALWAYS_EMBED_SWIFT_STANDARD_LIBRARIES = YES;
				CODE_SIGN_STYLE = Automatic;
				COMBINE_HIDPI_IMAGES = YES;
				DEVELOPMENT_TEAM = EAN9592EK4;
				INFOPLIST_FILE = "Tests macOS/Info.plist";
				LD_RUNPATH_SEARCH_PATHS = (
					"$(inherited)",
					"@executable_path/../Frameworks",
					"@loader_path/../Frameworks",
				);
				MACOSX_DEPLOYMENT_TARGET = 10.15;
				PRODUCT_BUNDLE_IDENTIFIER = "com.deepgagan.Tests-macOS";
				PRODUCT_NAME = "$(TARGET_NAME)";
				SDKROOT = macosx;
				SWIFT_VERSION = 5.0;
				TEST_TARGET_NAME = "LoanCalculator (macOS)";
			};
			name = Debug;
		};
		54B4FE8325C964DA001F77D8 /* Release */ = {
			isa = XCBuildConfiguration;
			buildSettings = {
				ALWAYS_EMBED_SWIFT_STANDARD_LIBRARIES = YES;
				CODE_SIGN_STYLE = Automatic;
				COMBINE_HIDPI_IMAGES = YES;
				DEVELOPMENT_TEAM = EAN9592EK4;
				INFOPLIST_FILE = "Tests macOS/Info.plist";
				LD_RUNPATH_SEARCH_PATHS = (
					"$(inherited)",
					"@executable_path/../Frameworks",
					"@loader_path/../Frameworks",
				);
				MACOSX_DEPLOYMENT_TARGET = 10.15;
				PRODUCT_BUNDLE_IDENTIFIER = "com.deepgagan.Tests-macOS";
				PRODUCT_NAME = "$(TARGET_NAME)";
				SDKROOT = macosx;
				SWIFT_VERSION = 5.0;
				TEST_TARGET_NAME = "LoanCalculator (macOS)";
			};
			name = Release;
		};
/* End XCBuildConfiguration section */

/* Begin XCConfigurationList section */
		54B4FE4525C964D8001F77D8 /* Build configuration list for PBXProject "LoanCalculator" */ = {
			isa = XCConfigurationList;
			buildConfigurations = (
				54B4FE7625C964DA001F77D8 /* Debug */,
				54B4FE7725C964DA001F77D8 /* Release */,
			);
			defaultConfigurationIsVisible = 0;
			defaultConfigurationName = Release;
		};
		54B4FE7825C964DA001F77D8 /* Build configuration list for PBXNativeTarget "LoanCalculator (iOS)" */ = {
			isa = XCConfigurationList;
			buildConfigurations = (
				54B4FE7925C964DA001F77D8 /* Debug */,
				54B4FE7A25C964DA001F77D8 /* Release */,
			);
			defaultConfigurationIsVisible = 0;
			defaultConfigurationName = Release;
		};
		54B4FE7B25C964DA001F77D8 /* Build configuration list for PBXNativeTarget "LoanCalculator (macOS)" */ = {
			isa = XCConfigurationList;
			buildConfigurations = (
				54B4FE7C25C964DA001F77D8 /* Debug */,
				54B4FE7D25C964DA001F77D8 /* Release */,
			);
			defaultConfigurationIsVisible = 0;
			defaultConfigurationName = Release;
		};
		54B4FE7E25C964DA001F77D8 /* Build configuration list for PBXNativeTarget "Tests iOS" */ = {
			isa = XCConfigurationList;
			buildConfigurations = (
				54B4FE7F25C964DA001F77D8 /* Debug */,
				54B4FE8025C964DA001F77D8 /* Release */,
			);
			defaultConfigurationIsVisible = 0;
			defaultConfigurationName = Release;
		};
		54B4FE8125C964DA001F77D8 /* Build configuration list for PBXNativeTarget "Tests macOS" */ = {
			isa = XCConfigurationList;
			buildConfigurations = (
				54B4FE8225C964DA001F77D8 /* Debug */,
				54B4FE8325C964DA001F77D8 /* Release */,
			);
			defaultConfigurationIsVisible = 0;
			defaultConfigurationName = Release;
		};
/* End XCConfigurationList section */
	};
	rootObject = 54B4FE4225C964D8001F77D8 /* Project object */;
}
